{
  "name": "stylelint-config-jibrelnetwork",
  "version": "1.0.3",
  "lockfileVersion": 1,
  "requires": true,
  "dependencies": {
    "dot-prop": {
      "version": "4.2.0",
      "resolved": "https://registry.npmjs.org/dot-prop/-/dot-prop-4.2.0.tgz",
      "integrity": "sha512-tUMXrxlExSW6U2EXiiKGSBVdYgtV8qlHL+C10TsW4PURY/ic+eaysnSkwB4kA/mBlCyy/IKDJ+Lc3wbWeaXtuQ==",
      "requires": {
        "is-obj": "1.0.1"
      }
    },
    "flatten": {
      "version": "1.0.2",
      "resolved": "https://registry.npmjs.org/flatten/-/flatten-1.0.2.tgz",
      "integrity": "sha1-2uRqnXj74lKSJYzB54CkHZXAN4I="
    },
    "indexes-of": {
      "version": "1.0.1",
      "resolved": "https://registry.npmjs.org/indexes-of/-/indexes-of-1.0.1.tgz",
      "integrity": "sha1-8w9xbI4r00bHtn0985FVZqfAVgc="
    },
    "is-obj": {
      "version": "1.0.1",
      "resolved": "https://registry.npmjs.org/is-obj/-/is-obj-1.0.1.tgz",
      "integrity": "sha1-PkcprB9f3gJc19g6iW2rn09n2w8="
    },
    "lodash": {
      "version": "4.17.10",
      "resolved": "https://registry.npmjs.org/lodash/-/lodash-4.17.10.tgz",
      "integrity": "sha512-UejweD1pDoXu+AD825lWwp4ZGtSwgnpZxb3JDViD7StjQz+Nb/6l093lx4OQ0foGWNRoc19mWy7BzL+UAK2iVg=="
    },
    "postcss-media-query-parser": {
      "version": "0.2.3",
      "resolved": "https://registry.npmjs.org/postcss-media-query-parser/-/postcss-media-query-parser-0.2.3.tgz",
      "integrity": "sha1-J7Ocb02U+Bsac7j3Y1HGCeXO8kQ="
    },
    "postcss-resolve-nested-selector": {
      "version": "0.1.1",
      "resolved": "https://registry.npmjs.org/postcss-resolve-nested-selector/-/postcss-resolve-nested-selector-0.1.1.tgz",
      "integrity": "sha1-Kcy8fDfe36wwTp//C/FZaz9qDk4="
    },
    "postcss-selector-parser": {
      "version": "2.2.1",
      "resolved": "https://registry.npmjs.org/postcss-selector-parser/-/postcss-selector-parser-2.2.1.tgz",
      "integrity": "sha1-/b9pYQOxKwpkBg5WEFB/QQSR98g=",
      "requires": {
        "flatten": "1.0.2",
        "indexes-of": "1.0.1",
        "uniq": "1.0.1"
      }
    },
    "postcss-value-parser": {
      "version": "3.3.0",
      "resolved": "https://registry.npmjs.org/postcss-value-parser/-/postcss-value-parser-3.3.0.tgz",
      "integrity": "sha1-h/OPnxj3dKSrTIojL1xc6IcqnRU="
    },
    "stylelint-config-recommended": {
      "version": "2.1.0",
      "resolved": "https://registry.npmjs.org/stylelint-config-recommended/-/stylelint-config-recommended-2.1.0.tgz",
      "integrity": "sha512-ajMbivOD7JxdsnlS5945KYhvt7L/HwN6YeYF2BH6kE4UCLJR0YvXMf+2j7nQpJyYLZx9uZzU5G1ZOSBiWAc6yA=="
    },
    "stylelint-config-standard": {
      "version": "18.0.0",
      "resolved": "https://registry.npmjs.org/stylelint-config-standard/-/stylelint-config-standard-18.0.0.tgz",
      "integrity": "sha1-DYcrQPr9zdz0GI+1tk3bOIforvw=",
      "requires": {
        "stylelint-config-recommended": "2.1.0"
      }
    },
    "stylelint-rscss": {
      "version": "0.4.0",
      "resolved": "https://registry.npmjs.org/stylelint-rscss/-/stylelint-rscss-0.4.0.tgz",
      "integrity": "sha1-6nfEeOHHA9vah4wA9Tu8ACstB7c=",
      "requires": {
        "postcss-resolve-nested-selector": "0.1.1",
        "postcss-selector-parser": "2.2.1"
      }
    },
    "stylelint-scss": {
      "version": "2.2.0",
      "resolved": "https://registry.npmjs.org/stylelint-scss/-/stylelint-scss-2.2.0.tgz",
      "integrity": "sha512-O3jIpujSDrMHlGoXT3AYsOz2DPb49Y+0rCPGU34BHrbMBWSciwkvtm4WFrYi/cDnbpkXFemC0lHwmtspK8IQEA==",
      "requires": {
        "lodash": "4.17.10",
        "postcss-media-query-parser": "0.2.3",
        "postcss-resolve-nested-selector": "0.1.1",
        "postcss-selector-parser": "3.1.1",
        "postcss-value-parser": "3.3.0"
      },
      "dependencies": {
        "postcss-selector-parser": {
          "version": "3.1.1",
          "resolved": "https://registry.npmjs.org/postcss-selector-parser/-/postcss-selector-parser-3.1.1.tgz",
          "integrity": "sha1-T4dfSvsMllc9XPTXQBGu4lCn6GU=",
          "requires": {
            "dot-prop": "4.2.0",
            "indexes-of": "1.0.1",
            "uniq": "1.0.1"
          }
        }
      }
    },
    "uniq": {
      "version": "1.0.1",
      "resolved": "https://registry.npmjs.org/uniq/-/uniq-1.0.1.tgz",
      "integrity": "sha1-sxxa6CVIRKOoKBVBzisEuGWnNP8="
    }
  }
}
